dependencies:
- name: postgresql
  repository: https://kubernetes-charts.storage.googleapis.com
  version: 6.2.1
- name: kafka
  repository: https://charts.bitnami.com/bitnami
  version: 5.1.1
- name: keycloak
  repository: https://codecentric.github.io/helm-charts
  version: 5.1.6
digest: sha256:9e0037e6a2570d9dec9fe709dbf7cf8e6f8e7e59f74e9fbcf521fd1db4ad6b14
generated: "2019-11-04T18:45:54.179060079+03:00"
